
Microsoft Visual Studio Solution File, Format Version 12.00
# Visual Studio Version 16
VisualStudioVersion = 16.0.30011.22
MinimumVisualStudioVersion = 10.0.40219.1
Project("{FAE04EC0-301F-11D3-BF4B-00C04F79EFBC}") = "DA2-2020-LABCOMPRAS", "DA2-2020-LABCOMPRAS\DA2-2020-LABCOMPRAS.csproj", "{189C8758-C137-474E-A068-97D8BF1C055E}"
EndProject
Global
	GlobalSection(SolutionConfigurationPlatforms) = preSolution
		Debug|Any CPU = Debug|Any CPU
		Release|Any CPU = Release|Any CPU
	EndGlobalSection
	GlobalSection(ProjectConfigurationPlatforms) = postSolution
		{189C8758-C137-474E-A068-97D8BF1C055E}.Debug|Any CPU.ActiveCfg = Debug|Any CPU
		{189C8758-C137-474E-A068-97D8BF1C055E}.Debug|Any CPU.Build.0 = Debug|Any CPU
		{189C8758-C137-474E-A068-97D8BF1C055E}.Release|Any CPU.ActiveCfg = Release|Any CPU
		{189C8758-C137-474E-A068-97D8BF1C055E}.Release|Any CPU.Build.0 = Release|Any CPU
	EndGlobalSection
	GlobalSection(SolutionProperties) = preSolution
		HideSolutionNode = FALSE
	EndGlobalSection
	GlobalSection(ExtensibilityGlobals) = postSolution
		SolutionGuid = {558A1F18-E4A0-46E4-8EC8-67FF33B0D48F}
	EndGlobalSection
EndGlobal
